
Microsoft Visual Studio Solution File, Format Version 12.00
# Visual Studio 15
VisualStudioVersion = 15.0.27130.2027
MinimumVisualStudioVersion = 10.0.40219.1
Project("{8BC9CEB8-8B4A-11D0-8D11-00A0C91BC942}") = "SPOJ_POTHOLE_C", "SPOJ_POTHOLE_C.vcxproj", "{06F6D131-ED34-4360-A2FB-49AFDB38341B}"
EndProject
Global
	GlobalSection(SolutionConfigurationPlatforms) = preSolution
		Debug|x64 = Debug|x64
		Debug|x86 = Debug|x86
		Release|x64 = Release|x64
		Release|x86 = Release|x86
	EndGlobalSection
	GlobalSection(ProjectConfigurationPlatforms) = postSolution
		{06F6D131-ED34-4360-A2FB-49AFDB38341B}.Debug|x64.ActiveCfg = Debug|x64
		{06F6D131-ED34-4360-A2FB-49AFDB38341B}.Debug|x64.Build.0 = Debug|x64
		{06F6D131-ED34-4360-A2FB-49AFDB38341B}.Debug|x86.ActiveCfg = Debug|Win32
		{06F6D131-ED34-4360-A2FB-49AFDB38341B}.Debug|x86.Build.0 = Debug|Win32
		{06F6D131-ED34-4360-A2FB-49AFDB38341B}.Release|x64.ActiveCfg = Release|x64
		{06F6D131-ED34-4360-A2FB-49AFDB38341B}.Release|x64.Build.0 = Release|x64
		{06F6D131-ED34-4360-A2FB-49AFDB38341B}.Release|x86.ActiveCfg = Release|Win32
		{06F6D131-ED34-4360-A2FB-49AFDB38341B}.Release|x86.Build.0 = Release|Win32
	EndGlobalSection
	GlobalSection(SolutionProperties) = preSolution
		HideSolutionNode = FALSE
	EndGlobalSection
	GlobalSection(ExtensibilityGlobals) = postSolution
		SolutionGuid = {4CA9A8E5-D2A9-408E-9F4C-AD0C9720D790}
	EndGlobalSection
EndGlobal
